<?xml version="1.0" encoding="utf-8"?>
<Project ToolsVersion="4.0" xmlns="http://schemas.microsoft.com/developer/msbuild/2003">
  <ItemGroup>
    <Filter Include="Source Files">
      <UniqueIdentifier>{4FC737F1-C7A5-4376-A066-2A32D752A2FF}</UniqueIdentifier>
      <Extensions>cpp;c;cc;cxx;def;odl;idl;hpj;bat;asm;asmx</Extensions>
    </Filter>
    <Filter Include="Header Files">
      <UniqueIdentifier>{93995380-89BD-4b04-88EB-625FBE52EBFB}</UniqueIdentifier>
      <Extensions>h;hh;hpp;hxx;hm;inl;inc;xsd</Extensions>
    </Filter>
    <Filter Include="Resource Files">
      <UniqueIdentifier>{67DA6AB6-F800-4c08-8B7A-83BB121AAD01}</UniqueIdentifier>
      <Extensions>rc;ico;cur;bmp;dlg;rc2;rct;bin;rgs;gif;jpg;jpeg;jpe;resx;tiff;tif;png;wav</Extensions>
    </Filter>
  </ItemGroup>
  <ItemGroup>
    <ClCompile Include="src\cycle.cpp">
      <Filter>Source Files</Filter>
    </ClCompile>
    <ClCompile Include="src\cycle_queue.cpp">
      <Filter>Source Files</Filter>
    </ClCompile>
    <ClCompile Include="src\draw_arrow.cpp">
      <Filter>Source Files</Filter>
    </ClCompile>
    <ClCompile Include="src\draw_error.cpp">
      <Filter>Source Files</Filter>
    </ClCompile>
    <ClCompile Include="src\draw_rect.cpp">
      <Filter>Source Files</Filter>
    </ClCompile>
    <ClCompile Include="src\grey.cpp">
      <Filter>Source Files</Filter>
    </ClCompile>
    <ClCompile Include="src\Heap.cpp">
      <Filter>Source Files</Filter>
    </ClCompile>
    <ClCompile Include="src\input_box.cpp">
      <Filter>Source Files</Filter>
    </ClCompile>
    <ClCompile Include="src\link.cpp">
      <Filter>Source Files</Filter>
    </ClCompile>
    <ClCompile Include="src\link_insert_delete.cpp">
      <Filter>Source Files</Filter>
    </ClCompile>
    <ClCompile Include="src\main.cpp">
      <Filter>Source Files</Filter>
    </ClCompile>
    <ClCompile Include="src\queue_by_link.cpp">
      <Filter>Source Files</Filter>
    </ClCompile>
    <ClCompile Include="src\random_color.cpp">
      <Filter>Source Files</Filter>
    </ClCompile>
    <ClCompile Include="src\stack.cpp">
      <Filter>Source Files</Filter>
    </ClCompile>
    <ClCompile Include="src\stack_by_link.cpp">
      <Filter>Source Files</Filter>
    </ClCompile>
    <ClCompile Include="src\textout.cpp">
      <Filter>Source Files</Filter>
    </ClCompile>
    <ClCompile Include="src\tree.cpp">
      <Filter>Source Files</Filter>
    </ClCompile>
    <ClCompile Include="src\tree_demo.cpp">
      <Filter>Source Files</Filter>
    </ClCompile>
    <ClCompile Include="src\sort.cpp">
      <Filter>Source Files</Filter>
    </ClCompile>
  </ItemGroup>
  <ItemGroup>
    <ClInclude Include="src\cycle.h">
      <Filter>Header Files</Filter>
    </ClInclude>
    <ClInclude Include="src\cycle_queue.h">
      <Filter>Header Files</Filter>
    </ClInclude>
    <ClInclude Include="src\draw_arrow.h">
      <Filter>Header Files</Filter>
    </ClInclude>
    <ClInclude Include="src\draw_error.h">
      <Filter>Header Files</Filter>
    </ClInclude>
    <ClInclude Include="src\draw_rect.h">
      <Filter>Header Files</Filter>
    </ClInclude>
    <ClInclude Include="src\grey.h">
      <Filter>Header Files</Filter>
    </ClInclude>
    <ClInclude Include="src\Heap.h">
      <Filter>Header Files</Filter>
    </ClInclude>
    <ClInclude Include="src\input_box.h">
      <Filter>Header Files</Filter>
    </ClInclude>
    <ClInclude Include="src\link.h">
      <Filter>Header Files</Filter>
    </ClInclude>
    <ClInclude Include="src\link_insert_delete.h">
      <Filter>Header Files</Filter>
    </ClInclude>
    <ClInclude Include="src\queue_by_link.h">
      <Filter>Header Files</Filter>
    </ClInclude>
    <ClInclude Include="src\random_color.h">
      <Filter>Header Files</Filter>
    </ClInclude>
    <ClInclude Include="src\stack.h">
      <Filter>Header Files</Filter>
    </ClInclude>
    <ClInclude Include="src\stack_by_link.h">
      <Filter>Header Files</Filter>
    </ClInclude>
    <ClInclude Include="src\textout.h">
      <Filter>Header Files</Filter>
    </ClInclude>
    <ClInclude Include="src\tree.h">
      <Filter>Header Files</Filter>
    </ClInclude>
    <ClInclude Include="src\tree_demo.h">
      <Filter>Header Files</Filter>
    </ClInclude>
    <ClInclude Include="src\typedef.h">
      <Filter>Header Files</Filter>
    </ClInclude>
    <ClInclude Include="src\sort.h">
      <Filter>Header Files</Filter>
    </ClInclude>
  </ItemGroup>
</Project>